
Microsoft Visual Studio Solution File, Format Version 12.00
# Visual Studio Version 16
VisualStudioVersion = 16.0.31129.286
MinimumVisualStudioVersion = 10.0.40219.1
Project("{FAE04EC0-301F-11D3-BF4B-00C04F79EFBC}") = "Weather", "Weather\Weather.csproj", "{804C2FAB-B5BD-433A-A740-0CC4302E8891}"
EndProject
Global
	GlobalSection(SolutionConfigurationPlatforms) = preSolution
		Debug|Any CPU = Debug|Any CPU
		Release|Any CPU = Release|Any CPU
	EndGlobalSection
	GlobalSection(ProjectConfigurationPlatforms) = postSolution
		{804C2FAB-B5BD-433A-A740-0CC4302E8891}.Debug|Any CPU.ActiveCfg = Debug|Any CPU
		{804C2FAB-B5BD-433A-A740-0CC4302E8891}.Debug|Any CPU.Build.0 = Debug|Any CPU
		{804C2FAB-B5BD-433A-A740-0CC4302E8891}.Release|Any CPU.ActiveCfg = Release|Any CPU
		{804C2FAB-B5BD-433A-A740-0CC4302E8891}.Release|Any CPU.Build.0 = Release|Any CPU
	EndGlobalSection
	GlobalSection(SolutionProperties) = preSolution
		HideSolutionNode = FALSE
	EndGlobalSection
	GlobalSection(ExtensibilityGlobals) = postSolution
		SolutionGuid = {7A07EC6E-26ED-4045-B8ED-4986993F2F2D}
	EndGlobalSection
EndGlobal
